# This file is automatically @generated by Cargo.
# It is not intended for manual editing.
version = 4

[[package]]
name = "as-any"
version = "0.3.2"
source = "registry+https://github.com/rust-lang/crates.io-index"
checksum = "b0f477b951e452a0b6b4a10b53ccd569042d1d01729b519e02074a9c0958a063"

[[package]]
name = "iocc"
version = "0.1.0"
dependencies = [
 "as-any",
]
